
Microsoft Visual Studio Solution File, Format Version 12.00
# Visual Studio 15
VisualStudioVersion = 15.0.26730.15
MinimumVisualStudioVersion = 10.0.40219.1
Project("{FAE04EC0-301F-11D3-BF4B-00C04F79EFBC}") = "Library", "Library\Library.csproj", "{831F3C32-4589-42D0-8C67-387DBD851358}"
EndProject
Project("{9A19103F-16F7-4668-BE54-9A1E7A4F7556}") = "OrleansHostApp1.Service", "OrleansHostApp1.Service\OrleansHostApp1.Service.csproj", "{68CCA28E-4AF7-44F9-8D87-97C06AE1097F}"
EndProject
Project("{9A19103F-16F7-4668-BE54-9A1E7A4F7556}") = "OrleansHostApp2.Service", "OrleansHostApp2.Service\OrleansHostApp2.Service.csproj", "{4FB5DA20-8C02-4405-BDE9-27E9FB2A7E97}"
EndProject
Project("{FAE04EC0-301F-11D3-BF4B-00C04F79EFBC}") = "OrleansSilo1", "OrleansSilo1\OrleansSilo1.csproj", "{6C07B942-5C8F-4721-A79A-CE652EF0AAE1}"
EndProject
Project("{9A19103F-16F7-4668-BE54-9A1E7A4F7556}") = "OrleansClient1", "OrleansClient1\OrleansClient1.csproj", "{14796268-6633-4B8F-834A-6A1198D51640}"
EndProject
Project("{FAE04EC0-301F-11D3-BF4B-00C04F79EFBC}") = "Grain2", "Grain2\Grain2.csproj", "{241A2DB5-A640-489C-8FC1-8C2813FFA20E}"
EndProject
Project("{FAE04EC0-301F-11D3-BF4B-00C04F79EFBC}") = "Grain1", "Grain1\Grain1.csproj", "{F099C1A6-ACEE-4169-AB84-719498F886A7}"
EndProject
Project("{FAE04EC0-301F-11D3-BF4B-00C04F79EFBC}") = "GrainInterface1", "GrainInterface1\GrainInterface1.csproj", "{29998B07-D007-4AED-8226-27E764BB1C2E}"
EndProject
Project("{FAE04EC0-301F-11D3-BF4B-00C04F79EFBC}") = "GrainInterface2", "GrainInterface2\GrainInterface2.csproj", "{16D6A9B7-32F0-4FF8-95FF-D2E5DAB71A5F}"
EndProject
Project("{FAE04EC0-301F-11D3-BF4B-00C04F79EFBC}") = "OrleansSilo2", "OrleansSilo2\OrleansSilo2.csproj", "{68416645-72FF-42CC-B881-A1654176BFDD}"
EndProject
Project("{FAE04EC0-301F-11D3-BF4B-00C04F79EFBC}") = "OrleansHostApp3.SQLMembership.Service", "OrleansHostApp3.SQLMembership.Service\OrleansHostApp3.SQLMembership.Service.csproj", "{B1AB7B56-D814-406C-B605-96ED04DC11DB}"
EndProject
Global
	GlobalSection(SolutionConfigurationPlatforms) = preSolution
		Debug|Any CPU = Debug|Any CPU
		Release|Any CPU = Release|Any CPU
	EndGlobalSection
	GlobalSection(ProjectConfigurationPlatforms) = postSolution
		{831F3C32-4589-42D0-8C67-387DBD851358}.Debug|Any CPU.ActiveCfg = Debug|Any CPU
		{831F3C32-4589-42D0-8C67-387DBD851358}.Debug|Any CPU.Build.0 = Debug|Any CPU
		{831F3C32-4589-42D0-8C67-387DBD851358}.Release|Any CPU.ActiveCfg = Release|Any CPU
		{831F3C32-4589-42D0-8C67-387DBD851358}.Release|Any CPU.Build.0 = Release|Any CPU
		{68CCA28E-4AF7-44F9-8D87-97C06AE1097F}.Debug|Any CPU.ActiveCfg = Debug|Any CPU
		{68CCA28E-4AF7-44F9-8D87-97C06AE1097F}.Debug|Any CPU.Build.0 = Debug|Any CPU
		{68CCA28E-4AF7-44F9-8D87-97C06AE1097F}.Release|Any CPU.ActiveCfg = Release|Any CPU
		{68CCA28E-4AF7-44F9-8D87-97C06AE1097F}.Release|Any CPU.Build.0 = Release|Any CPU
		{4FB5DA20-8C02-4405-BDE9-27E9FB2A7E97}.Debug|Any CPU.ActiveCfg = Debug|Any CPU
		{4FB5DA20-8C02-4405-BDE9-27E9FB2A7E97}.Debug|Any CPU.Build.0 = Debug|Any CPU
		{4FB5DA20-8C02-4405-BDE9-27E9FB2A7E97}.Release|Any CPU.ActiveCfg = Release|Any CPU
		{4FB5DA20-8C02-4405-BDE9-27E9FB2A7E97}.Release|Any CPU.Build.0 = Release|Any CPU
		{6C07B942-5C8F-4721-A79A-CE652EF0AAE1}.Debug|Any CPU.ActiveCfg = Debug|Any CPU
		{6C07B942-5C8F-4721-A79A-CE652EF0AAE1}.Debug|Any CPU.Build.0 = Debug|Any CPU
		{6C07B942-5C8F-4721-A79A-CE652EF0AAE1}.Release|Any CPU.ActiveCfg = Release|Any CPU
		{6C07B942-5C8F-4721-A79A-CE652EF0AAE1}.Release|Any CPU.Build.0 = Release|Any CPU
		{14796268-6633-4B8F-834A-6A1198D51640}.Debug|Any CPU.ActiveCfg = Debug|Any CPU
		{14796268-6633-4B8F-834A-6A1198D51640}.Debug|Any CPU.Build.0 = Debug|Any CPU
		{14796268-6633-4B8F-834A-6A1198D51640}.Release|Any CPU.ActiveCfg = Release|Any CPU
		{14796268-6633-4B8F-834A-6A1198D51640}.Release|Any CPU.Build.0 = Release|Any CPU
		{241A2DB5-A640-489C-8FC1-8C2813FFA20E}.Debug|Any CPU.ActiveCfg = Debug|Any CPU
		{241A2DB5-A640-489C-8FC1-8C2813FFA20E}.Debug|Any CPU.Build.0 = Debug|Any CPU
		{241A2DB5-A640-489C-8FC1-8C2813FFA20E}.Release|Any CPU.ActiveCfg = Release|Any CPU
		{241A2DB5-A640-489C-8FC1-8C2813FFA20E}.Release|Any CPU.Build.0 = Release|Any CPU
		{F099C1A6-ACEE-4169-AB84-719498F886A7}.Debug|Any CPU.ActiveCfg = Debug|Any CPU
		{F099C1A6-ACEE-4169-AB84-719498F886A7}.Debug|Any CPU.Build.0 = Debug|Any CPU
		{F099C1A6-ACEE-4169-AB84-719498F886A7}.Release|Any CPU.ActiveCfg = Release|Any CPU
		{F099C1A6-ACEE-4169-AB84-719498F886A7}.Release|Any CPU.Build.0 = Release|Any CPU
		{29998B07-D007-4AED-8226-27E764BB1C2E}.Debug|Any CPU.ActiveCfg = Debug|Any CPU
		{29998B07-D007-4AED-8226-27E764BB1C2E}.Debug|Any CPU.Build.0 = Debug|Any CPU
		{29998B07-D007-4AED-8226-27E764BB1C2E}.Release|Any CPU.ActiveCfg = Release|Any CPU
		{29998B07-D007-4AED-8226-27E764BB1C2E}.Release|Any CPU.Build.0 = Release|Any CPU
		{16D6A9B7-32F0-4FF8-95FF-D2E5DAB71A5F}.Debug|Any CPU.ActiveCfg = Debug|Any CPU
		{16D6A9B7-32F0-4FF8-95FF-D2E5DAB71A5F}.Debug|Any CPU.Build.0 = Debug|Any CPU
		{16D6A9B7-32F0-4FF8-95FF-D2E5DAB71A5F}.Release|Any CPU.ActiveCfg = Release|Any CPU
		{16D6A9B7-32F0-4FF8-95FF-D2E5DAB71A5F}.Release|Any CPU.Build.0 = Release|Any CPU
		{68416645-72FF-42CC-B881-A1654176BFDD}.Debug|Any CPU.ActiveCfg = Debug|Any CPU
		{68416645-72FF-42CC-B881-A1654176BFDD}.Debug|Any CPU.Build.0 = Debug|Any CPU
		{68416645-72FF-42CC-B881-A1654176BFDD}.Release|Any CPU.ActiveCfg = Release|Any CPU
		{68416645-72FF-42CC-B881-A1654176BFDD}.Release|Any CPU.Build.0 = Release|Any CPU
		{B1AB7B56-D814-406C-B605-96ED04DC11DB}.Debug|Any CPU.ActiveCfg = Debug|Any CPU
		{B1AB7B56-D814-406C-B605-96ED04DC11DB}.Debug|Any CPU.Build.0 = Debug|Any CPU
		{B1AB7B56-D814-406C-B605-96ED04DC11DB}.Release|Any CPU.ActiveCfg = Release|Any CPU
		{B1AB7B56-D814-406C-B605-96ED04DC11DB}.Release|Any CPU.Build.0 = Release|Any CPU
	EndGlobalSection
	GlobalSection(SolutionProperties) = preSolution
		HideSolutionNode = FALSE
	EndGlobalSection
	GlobalSection(ExtensibilityGlobals) = postSolution
		SolutionGuid = {3965CE7F-C7DC-417E-A0E5-8E52752FE1B8}
	EndGlobalSection
EndGlobal
