
Microsoft Visual Studio Solution File, Format Version 12.00
# Visual Studio 15
VisualStudioVersion = 15.0.26730.15
MinimumVisualStudioVersion = 10.0.40219.1
Project("{FAE04EC0-301F-11D3-BF4B-00C04F79EFBC}") = "OrleansClusterConsul", "OrleansClusterConsul\OrleansClusterConsul.csproj", "{22E3D5D5-C7EC-46BA-8E50-9FE5619DA23F}"
EndProject
Global
	GlobalSection(SolutionConfigurationPlatforms) = preSolution
		Debug|Any CPU = Debug|Any CPU
		Release|Any CPU = Release|Any CPU
	EndGlobalSection
	GlobalSection(ProjectConfigurationPlatforms) = postSolution
		{22E3D5D5-C7EC-46BA-8E50-9FE5619DA23F}.Debug|Any CPU.ActiveCfg = Debug|Any CPU
		{22E3D5D5-C7EC-46BA-8E50-9FE5619DA23F}.Debug|Any CPU.Build.0 = Debug|Any CPU
		{22E3D5D5-C7EC-46BA-8E50-9FE5619DA23F}.Release|Any CPU.ActiveCfg = Release|Any CPU
		{22E3D5D5-C7EC-46BA-8E50-9FE5619DA23F}.Release|Any CPU.Build.0 = Release|Any CPU
	EndGlobalSection
	GlobalSection(SolutionProperties) = preSolution
		HideSolutionNode = FALSE
	EndGlobalSection
	GlobalSection(ExtensibilityGlobals) = postSolution
		SolutionGuid = {3965CE7F-C7DC-417E-A0E5-8E52752FE1B8}
	EndGlobalSection
EndGlobal
